// !$*UTF8*$!
{
	archiveVersion = 1;
	classes = {
	};
	objectVersion = 50;
	objects = {

/* Begin PBXBuildFile section */
		D23D3E3A216ED5C80034D68D /* AppDelegate.swift in Sources */ = {isa = PBXBuildFile; fileRef = D23D3E39216ED5C80034D68D /* AppDelegate.swift */; };
		D23D3E3C216ED5C80034D68D /* ViewController.swift in Sources */ = {isa = PBXBuildFile; fileRef = D23D3E3B216ED5C80034D68D /* ViewController.swift */; };
		D23D3E3F216ED5C80034D68D /* Main.storyboard in Resources */ = {isa = PBXBuildFile; fileRef = D23D3E3D216ED5C80034D68D /* Main.storyboard */; };
		D23D3E42216ED5C90034D68D /* Lab_4.xcdatamodeld in Sources */ = {isa = PBXBuildFile; fileRef = D23D3E40216ED5C90034D68D /* Lab_4.xcdatamodeld */; };
		D23D3E44216ED5CA0034D68D /* Assets.xcassets in Resources */ = {isa = PBXBuildFile; fileRef = D23D3E43216ED5CA0034D68D /* Assets.xcassets */; };
		D23D3E47216ED5CA0034D68D /* LaunchScreen.storyboard in Resources */ = {isa = PBXBuildFile; fileRef = D23D3E45216ED5CA0034D68D /* LaunchScreen.storyboard */; };
		D27E2B6E216EE6D40063AFB3 /* shopList.swift in Sources */ = {isa = PBXBuildFile; fileRef = D27E2B6D216EE6D40063AFB3 /* shopList.swift */; };
		D27E2B70216EEA160063AFB3 /* addItemViewController.swift in Sources */ = {isa = PBXBuildFile; fileRef = D27E2B6F216EEA160063AFB3 /* addItemViewController.swift */; };
/* End PBXBuildFile section */

/* Begin PBXFileReference section */
		D23D3E36216ED5C80034D68D /* Lab 4.app */ = {isa = PBXFileReference; explicitFileType = wrapper.application; includeInIndex = 0; path = "Lab 4.app"; sourceTree = BUILT_PRODUCTS_DIR; };
		D23D3E39216ED5C80034D68D /* AppDelegate.swift */ = {isa = PBXFileReference; lastKnownFileType = sourcecode.swift; path = AppDelegate.swift; sourceTree = "<group>"; };
		D23D3E3B216ED5C80034D68D /* ViewController.swift */ = {isa = PBXFileReference; lastKnownFileType = sourcecode.swift; path = ViewController.swift; sourceTree = "<group>"; };
		D23D3E3E216ED5C80034D68D /* Base */ = {isa = PBXFileReference; lastKnownFileType = file.storyboard; name = Base; path = Base.lproj/Main.storyboard; sourceTree = "<group>"; };
		D23D3E41216ED5C90034D68D /* Lab_4.xcdatamodel */ = {isa = PBXFileReference; lastKnownFileType = wrapper.xcdatamodel; path = Lab_4.xcdatamodel; sourceTree = "<group>"; };
		D23D3E43216ED5CA0034D68D /* Assets.xcassets */ = {isa = PBXFileReference; lastKnownFileType = folder.assetcatalog; path = Assets.xcassets; sourceTree = "<group>"; };
		D23D3E46216ED5CA0034D68D /* Base */ = {isa = PBXFileReference; lastKnownFileType = file.storyboard; name = Base; path = Base.lproj/LaunchScreen.storyboard; sourceTree = "<group>"; };
		D23D3E48216ED5CA0034D68D /* Info.plist */ = {isa = PBXFileReference; lastKnownFileType = text.plist.xml; path = Info.plist; sourceTree = "<group>"; };
		D27E2B6D216EE6D40063AFB3 /* shopList.swift */ = {isa = PBXFileReference; lastKnownFileType = sourcecode.swift; path = shopList.swift; sourceTree = "<group>"; };
		D27E2B6F216EEA160063AFB3 /* addItemViewController.swift */ = {isa = PBXFileReference; lastKnownFileType = sourcecode.swift; path = addItemViewController.swift; sourceTree = "<group>"; };
/* End PBXFileReference section */

/* Begin PBXFrameworksBuildPhase section */
		D23D3E33216ED5C80034D68D /* Frameworks */ = {
			isa = PBXFrameworksBuildPhase;
			buildActionMask = 2147483647;
			files = (
			);
			runOnlyForDeploymentPostprocessing = 0;
		};
/* End PBXFrameworksBuildPhase section */

/* Begin PBXGroup section */
		D23D3E2D216ED5C80034D68D = {
			isa = PBXGroup;
			children = (
				D23D3E38216ED5C80034D68D /* Lab 4 */,
				D23D3E37216ED5C80034D68D /* Products */,
			);
			sourceTree = "<group>";
		};
		D23D3E37216ED5C80034D68D /* Products */ = {
			isa = PBXGroup;
			children = (
				D23D3E36216ED5C80034D68D /* Lab 4.app */,
			);
			name = Products;
			sourceTree = "<group>";
		};
		D23D3E38216ED5C80034D68D /* Lab 4 */ = {
			isa = PBXGroup;
			children = (
				D23D3E39216ED5C80034D68D /* AppDelegate.swift */,
				D23D3E3B216ED5C80034D68D /* ViewController.swift */,
				D27E2B6F216EEA160063AFB3 /* addItemViewController.swift */,
				D23D3E3D216ED5C80034D68D /* Main.storyboard */,
				D27E2B6D216EE6D40063AFB3 /* shopList.swift */,
				D23D3E43216ED5CA0034D68D /* Assets.xcassets */,
				D23D3E45216ED5CA0034D68D /* LaunchScreen.storyboard */,
				D23D3E48216ED5CA0034D68D /* Info.plist */,
				D23D3E40216ED5C90034D68D /* Lab_4.xcdatamodeld */,
			);
			path = "Lab 4";
			sourceTree = "<group>";
		};
/* End PBXGroup section */

/* Begin PBXNativeTarget section */
		D23D3E35216ED5C80034D68D /* Lab 4 */ = {
			isa = PBXNativeTarget;
			buildConfigurationList = D23D3E4B216ED5CA0034D68D /* Build configuration list for PBXNativeTarget "Lab 4" */;
			buildPhases = (
				D23D3E32216ED5C80034D68D /* Sources */,
				D23D3E33216ED5C80034D68D /* Frameworks */,
				D23D3E34216ED5C80034D68D /* Resources */,
			);
			buildRules = (
			);
			dependencies = (
			);
			name = "Lab 4";
			productName = "Lab 4";
			productReference = D23D3E36216ED5C80034D68D /* Lab 4.app */;
			productType = "com.apple.product-type.application";
		};
/* End PBXNativeTarget section */

/* Begin PBXProject section */
		D23D3E2E216ED5C80034D68D /* Project object */ = {
			isa = PBXProject;
			attributes = {
				LastSwiftUpdateCheck = 0940;
				LastUpgradeCheck = 0940;
				ORGANIZATIONNAME = "Sam Leffler";
				TargetAttributes = {
					D23D3E35216ED5C80034D68D = {
						CreatedOnToolsVersion = 9.4.1;
					};
				};
			};
			buildConfigurationList = D23D3E31216ED5C80034D68D /* Build configuration list for PBXProject "Lab 4" */;
			compatibilityVersion = "Xcode 9.3";
			developmentRegion = en;
			hasScannedForEncodings = 0;
			knownRegions = (
				en,
				Base,
			);
			mainGroup = D23D3E2D216ED5C80034D68D;
			productRefGroup = D23D3E37216ED5C80034D68D /* Products */;
			projectDirPath = "";
			projectRoot = "";
			targets = (
				D23D3E35216ED5C80034D68D /* Lab 4 */,
			);
		};
/* End PBXProject section */

/* Begin PBXResourcesBuildPhase section */
		D23D3E34216ED5C80034D68D /* Resources */ = {
			isa = PBXResourcesBuildPhase;
			buildActionMask = 2147483647;
			files = (
				D23D3E47216ED5CA0034D68D /* LaunchScreen.storyboard in Resources */,
				D23D3E44216ED5CA0034D68D /* Assets.xcassets in Resources */,
				D23D3E3F216ED5C80034D68D /* Main.storyboard in Resources */,
			);
			runOnlyForDeploymentPostprocessing = 0;
		};
/* End PBXResourcesBuildPhase section */

/* Begin PBXSourcesBuildPhase section */
		D23D3E32216ED5C80034D68D /* Sources */ = {
			isa = PBXSourcesBuildPhase;
			buildActionMask = 2147483647;
			files = (
				D23D3E3C216ED5C80034D68D /* ViewController.swift in Sources */,
				D27E2B70216EEA160063AFB3 /* addItemViewController.swift in Sources */,
				D27E2B6E216EE6D40063AFB3 /* shopList.swift in Sources */,
				D23D3E3A216ED5C80034D68D /* AppDelegate.swift in Sources */,
				D23D3E42216ED5C90034D68D /* Lab_4.xcdatamodeld in Sources */,
			);
			runOnlyForDeploymentPostprocessing = 0;
		};
/* End PBXSourcesBuildPhase section */

/* Begin PBXVariantGroup section */
		D23D3E3D216ED5C80034D68D /* Main.storyboard */ = {
			isa = PBXVariantGroup;
			children = (
				D23D3E3E216ED5C80034D68D /* Base */,
			);
			name = Main.storyboard;
			sourceTree = "<group>";
		};
		D23D3E45216ED5CA0034D68D /* LaunchScreen.storyboard */ = {
			isa = PBXVariantGroup;
			children = (
				D23D3E46216ED5CA0034D68D /* Base */,
			);
			name = LaunchScreen.storyboard;
			sourceTree = "<group>";
		};
/* End PBXVariantGroup section */

/* Begin XCBuildConfiguration section */
		D23D3E49216ED5CA0034D68D /* Debug */ = {
			isa = XCBuildConfiguration;
			buildSettings = {
				ALWAYS_SEARCH_USER_PATHS = NO;
				CLANG_ANALYZER_NONNULL = YES;
				CLANG_ANALYZER_NUMBER_OBJECT_CONVERSION = YES_AGGRESSIVE;
				CLANG_CXX_LANGUAGE_STANDARD = "gnu++14";
				CLANG_CXX_LIBRARY = "libc++";
				CLANG_ENABLE_MODULES = YES;
				CLANG_ENABLE_OBJC_ARC = YES;
				CLANG_ENABLE_OBJC_WEAK = YES;
				CLANG_WARN_BLOCK_CAPTURE_AUTORELEASING = YES;
				CLANG_WARN_BOOL_CONVERSION = YES;
				CLANG_WARN_COMMA = YES;
				CLANG_WARN_CONSTANT_CONVERSION = YES;
				CLANG_WARN_DEPRECATED_OBJC_IMPLEMENTATIONS = YES;
				CLANG_WARN_DIRECT_OBJC_ISA_USAGE = YES_ERROR;
				CLANG_WARN_DOCUMENTATION_COMMENTS = YES;
				CLANG_WARN_EMPTY_BODY = YES;
				CLANG_WARN_ENUM_CONVERSION = YES;
				CLANG_WARN_INFINITE_RECURSION = YES;
				CLANG_WARN_INT_CONVERSION = YES;
				CLANG_WARN_NON_LITERAL_NULL_CONVERSION = YES;
				CLANG_WARN_OBJC_IMPLICIT_RETAIN_SELF = YES;
				CLANG_WARN_OBJC_LITERAL_CONVERSION = YES;
				CLANG_WARN_OBJC_ROOT_CLASS = YES_ERROR;
				CLANG_WARN_RANGE_LOOP_ANALYSIS = YES;
				CLANG_WARN_STRICT_PROTOTYPES = YES;
				CLANG_WARN_SUSPICIOUS_MOVE = YES;
				CLANG_WARN_UNGUARDED_AVAILABILITY = YES_AGGRESSIVE;
				CLANG_WARN_UNREACHABLE_CODE = YES;
				CLANG_WARN__DUPLICATE_METHOD_MATCH = YES;
				CODE_SIGN_IDENTITY = "iPhone Developer";
				COPY_PHASE_STRIP = NO;
				DEBUG_INFORMATION_FORMAT = dwarf;
				ENABLE_STRICT_OBJC_MSGSEND = YES;
				ENABLE_TESTABILITY = YES;
				GCC_C_LANGUAGE_STANDARD = gnu11;
				GCC_DYNAMIC_NO_PIC = NO;
				GCC_NO_COMMON_BLOCKS = YES;
				GCC_OPTIMIZATION_LEVEL = 0;
				GCC_PREPROCESSOR_DEFINITIONS = (
					"DEBUG=1",
					"$(inherited)",
				);
				GCC_WARN_64_TO_32_BIT_CONVERSION = YES;
				GCC_WARN_ABOUT_RETURN_TYPE = YES_ERROR;
				GCC_WARN_UNDECLARED_SELECTOR = YES;
				GCC_WARN_UNINITIALIZED_AUTOS = YES_AGGRESSIVE;
				GCC_WARN_UNUSED_FUNCTION = YES;
				GCC_WARN_UNUSED_VARIABLE = YES;
				IPHONEOS_DEPLOYMENT_TARGET = 11.4;
				MTL_ENABLE_DEBUG_INFO = YES;
				ONLY_ACTIVE_ARCH = YES;
				SDKROOT = iphoneos;
				SWIFT_ACTIVE_COMPILATION_CONDITIONS = DEBUG;
				SWIFT_OPTIMIZATION_LEVEL = "-Onone";
			};
			name = Debug;
		};
		D23D3E4A216ED5CA0034D68D /* Release */ = {
			isa = XCBuildConfiguration;
			buildSettings = {
				ALWAYS_SEARCH_USER_PATHS = NO;
				CLANG_ANALYZER_NONNULL = YES;
				CLANG_ANALYZER_NUMBER_OBJECT_CONVERSION = YES_AGGRESSIVE;
				CLANG_CXX_LANGUAGE_STANDARD = "gnu++14";
				CLANG_CXX_LIBRARY = "libc++";
				CLANG_ENABLE_MODULES = YES;
				CLANG_ENABLE_OBJC_ARC = YES;
				CLANG_ENABLE_OBJC_WEAK = YES;
				CLANG_WARN_BLOCK_CAPTURE_AUTORELEASING = YES;
				CLANG_WARN_BOOL_CONVERSION = YES;
				CLANG_WARN_COMMA = YES;
				CLANG_WARN_CONSTANT_CONVERSION = YES;
				CLANG_WARN_DEPRECATED_OBJC_IMPLEMENTATIONS = YES;
				CLANG_WARN_DIRECT_OBJC_ISA_USAGE = YES_ERROR;
				CLANG_WARN_DOCUMENTATION_COMMENTS = YES;
				CLANG_WARN_EMPTY_BODY = YES;
				CLANG_WARN_ENUM_CONVERSION = YES;
				CLANG_WARN_INFINITE_RECURSION = YES;
				CLANG_WARN_INT_CONVERSION = YES;
				CLANG_WARN_NON_LITERAL_NULL_CONVERSION = YES;
				CLANG_WARN_OBJC_IMPLICIT_RETAIN_SELF = YES;
				CLANG_WARN_OBJC_LITERAL_CONVERSION = YES;
				CLANG_WARN_OBJC_ROOT_CLASS = YES_ERROR;
				CLANG_WARN_RANGE_LOOP_ANALYSIS = YES;
				CLANG_WARN_STRICT_PROTOTYPES = YES;
				CLANG_WARN_SUSPICIOUS_MOVE = YES;
				CLANG_WARN_UNGUARDED_AVAILABILITY = YES_AGGRESSIVE;
				CLANG_WARN_UNREACHABLE_CODE = YES;
				CLANG_WARN__DUPLICATE_METHOD_MATCH = YES;
				CODE_SIGN_IDENTITY = "iPhone Developer";
				COPY_PHASE_STRIP = NO;
				DEBUG_INFORMATION_FORMAT = "dwarf-with-dsym";
				ENABLE_NS_ASSERTIONS = NO;
				ENABLE_STRICT_OBJC_MSGSEND = YES;
				GCC_C_LANGUAGE_STANDARD = gnu11;
				GCC_NO_COMMON_BLOCKS = YES;
				GCC_WARN_64_TO_32_BIT_CONVERSION = YES;
				GCC_WARN_ABOUT_RETURN_TYPE = YES_ERROR;
				GCC_WARN_UNDECLARED_SELECTOR = YES;
				GCC_WARN_UNINITIALIZED_AUTOS = YES_AGGRESSIVE;
				GCC_WARN_UNUSED_FUNCTION = YES;
				GCC_WARN_UNUSED_VARIABLE = YES;
				IPHONEOS_DEPLOYMENT_TARGET = 11.4;
				MTL_ENABLE_DEBUG_INFO = NO;
				SDKROOT = iphoneos;
				SWIFT_COMPILATION_MODE = wholemodule;
				SWIFT_OPTIMIZATION_LEVEL = "-O";
				VALIDATE_PRODUCT = YES;
			};
			name = Release;
		};
		D23D3E4C216ED5CA0034D68D /* Debug */ = {
			isa = XCBuildConfiguration;
			buildSettings = {
				ASSETCATALOG_COMPILER_APPICON_NAME = AppIcon;
				CODE_SIGN_STYLE = Automatic;
				DEVELOPMENT_TEAM = FKDFH3XPFT;
				INFOPLIST_FILE = "Lab 4/Info.plist";
				LD_RUNPATH_SEARCH_PATHS = (
					"$(inherited)",
					"@executable_path/Frameworks",
				);
				PRODUCT_BUNDLE_IDENTIFIER = "Sam.Lab-4";
				PRODUCT_NAME = "$(TARGET_NAME)";
				SWIFT_VERSION = 4.0;
				TARGETED_DEVICE_FAMILY = "1,2";
			};
			name = Debug;
		};
		D23D3E4D216ED5CA0034D68D /* Release */ = {
			isa = XCBuildConfiguration;
			buildSettings = {
				ASSETCATALOG_COMPILER_APPICON_NAME = AppIcon;
				CODE_SIGN_STYLE = Automatic;
				DEVELOPMENT_TEAM = FKDFH3XPFT;
				INFOPLIST_FILE = "Lab 4/Info.plist";
				LD_RUNPATH_SEARCH_PATHS = (
					"$(inherited)",
					"@executable_path/Frameworks",
				);
				PRODUCT_BUNDLE_IDENTIFIER = "Sam.Lab-4";
				PRODUCT_NAME = "$(TARGET_NAME)";
				SWIFT_VERSION = 4.0;
				TARGETED_DEVICE_FAMILY = "1,2";
			};
			name = Release;
		};
/* End XCBuildConfiguration section */

/* Begin XCConfigurationList section */
		D23D3E31216ED5C80034D68D /* Build configuration list for PBXProject "Lab 4" */ = {
			isa = XCConfigurationList;
			buildConfigurations = (
				D23D3E49216ED5CA0034D68D /* Debug */,
				D23D3E4A216ED5CA0034D68D /* Release */,
			);
			defaultConfigurationIsVisible = 0;
			defaultConfigurationName = Release;
		};
		D23D3E4B216ED5CA0034D68D /* Build configuration list for PBXNativeTarget "Lab 4" */ = {
			isa = XCConfigurationList;
			buildConfigurations = (
				D23D3E4C216ED5CA0034D68D /* Debug */,
				D23D3E4D216ED5CA0034D68D /* Release */,
			);
			defaultConfigurationIsVisible = 0;
			defaultConfigurationName = Release;
		};
/* End XCConfigurationList section */

/* Begin XCVersionGroup section */
		D23D3E40216ED5C90034D68D /* Lab_4.xcdatamodeld */ = {
			isa = XCVersionGroup;
			children = (
				D23D3E41216ED5C90034D68D /* Lab_4.xcdatamodel */,
			);
			currentVersion = D23D3E41216ED5C90034D68D /* Lab_4.xcdatamodel */;
			path = Lab_4.xcdatamodeld;
			sourceTree = "<group>";
			versionGroupType = wrapper.xcdatamodel;
		};
/* End XCVersionGroup section */
	};
	rootObject = D23D3E2E216ED5C80034D68D /* Project object */;
}
